{
    "_readme": [
        "This file locks the dependencies of your project to a known state",
        "Read more about it at https://getcomposer.org/doc/01-basic-usage.md#composer-lock-the-lock-file",
        "This file is @generated automatically"
    ],
    "content-hash": "3357ce01bd6a6ca3650f924a78c86fe4",
    "packages": [],
    "packages-dev": [
        {
            "name": "jean85/pretty-package-versions",
            "version": "1.0.2",
            "source": {
                "type": "git",
                "url": "https://github.com/Jean85/pretty-package-versions.git",
                "reference": "cda6ed1bfbcf7a3736b8943466ad8b1b5c0cc7c9"
            },
            "dist": {
                "type": "zip",
                "url": "https://api.github.com/repos/Jean85/pretty-package-versions/zipball/cda6ed1bfbcf7a3736b8943466ad8b1b5c0cc7c9",
                "reference": "cda6ed1bfbcf7a3736b8943466ad8b1b5c0cc7c9",
                "shasum": ""
            },
            "require": {
                "ocramius/package-versions": "^1.1.3",
                "php": "^7.0"
            },
            "require-dev": {
                "phpunit/phpunit": "^6.0"
            },
            "type": "library",
            "autoload": {
                "psr-4": {
                    "Jean85\\": "src/"
                }
            },
            "notification-url": "https://packagist.org/downloads/",
            "license": [
                "MIT"
            ],
            "authors": [
                {
                    "name": "Alessandro Lai",
                    "email": "alessandro.lai85@gmail.com"
                }
            ],
            "description": "A wrapper for ocramius/pretty-package-versions to get pretty versions strings",
            "keywords": [
                "package versions"
            ],
            "time": "2017-09-06T15:48:57+00:00"
        },
        {
            "name": "nette/bootstrap",
            "version": "v2.4.5",
            "source": {
                "type": "git",
                "url": "https://github.com/nette/bootstrap.git",
                "reference": "804925787764d708a7782ea0d9382a310bb21968"
            },
            "dist": {
                "type": "zip",
                "url": "https://api.github.com/repos/nette/bootstrap/zipball/804925787764d708a7782ea0d9382a310bb21968",
                "reference": "804925787764d708a7782ea0d9382a310bb21968",
                "shasum": ""
            },
            "require": {
                "nette/di": "~2.4.7",
                "nette/utils": "~2.4",
                "php": ">=5.6.0"
            },
            "conflict": {
                "nette/nette": "<2.2"
            },
            "require-dev": {
                "latte/latte": "~2.2",
                "nette/application": "~2.3",
                "nette/caching": "~2.3",
                "nette/database": "~2.3",
                "nette/forms": "~2.3",
                "nette/http": "~2.4.0",
                "nette/mail": "~2.3",
                "nette/robot-loader": "^2.4.2 || ^3.0",
                "nette/safe-stream": "~2.2",
                "nette/security": "~2.3",
                "nette/tester": "~2.0",
                "tracy/tracy": "^2.4.1"
            },
            "suggest": {
                "nette/robot-loader": "to use Configurator::createRobotLoader()",
                "tracy/tracy": "to use Configurator::enableTracy()"
            },
            "type": "library",
            "extra": {
                "branch-alias": {
                    "dev-master": "2.4-dev"
                }
            },
            "autoload": {
                "classmap": [
                    "src/"
                ]
            },
            "notification-url": "https://packagist.org/downloads/",
            "license": [
                "BSD-3-Clause",
                "GPL-2.0",
                "GPL-3.0"
            ],
            "authors": [
                {
                    "name": "David Grudl",
                    "homepage": "https://davidgrudl.com"
                },
                {
                    "name": "Nette Community",
                    "homepage": "https://nette.org/contributors"
                }
            ],
            "description": "🅱 Nette Bootstrap: the simple way to configure and bootstrap your Nette application.",
            "homepage": "https://nette.org",
            "keywords": [
                "bootstrapping",
                "configurator",
                "nette"
            ],
            "time": "2017-08-20T17:36:59+00:00"
        },
        {
            "name": "nette/di",
            "version": "v2.4.10",
            "source": {
                "type": "git",
                "url": "https://github.com/nette/di.git",
                "reference": "a4b3be935b755f23aebea1ce33d7e3c832cdff98"
            },
            "dist": {
                "type": "zip",
                "url": "https://api.github.com/repos/nette/di/zipball/a4b3be935b755f23aebea1ce33d7e3c832cdff98",
                "reference": "a4b3be935b755f23aebea1ce33d7e3c832cdff98",
                "shasum": ""
            },
            "require": {
                "ext-tokenizer": "*",
                "nette/neon": "^2.3.3 || ~3.0.0",
                "nette/php-generator": "^2.6.1 || ~3.0.0",
                "nette/utils": "^2.4.3 || ~3.0.0",
                "php": ">=5.6.0"
            },
            "conflict": {
                "nette/bootstrap": "<2.4",
                "nette/nette": "<2.2"
            },
            "require-dev": {
                "nette/tester": "^2.0",
                "tracy/tracy": "^2.3"
            },
            "type": "library",
            "extra": {
                "branch-alias": {
                    "dev-master": "2.4-dev"
                }
            },
            "autoload": {
                "classmap": [
                    "src/"
                ]
            },
            "notification-url": "https://packagist.org/downloads/",
            "license": [
                "BSD-3-Clause",
                "GPL-2.0",
                "GPL-3.0"
            ],
            "authors": [
                {
                    "name": "David Grudl",
                    "homepage": "https://davidgrudl.com"
                },
                {
                    "name": "Nette Community",
                    "homepage": "https://nette.org/contributors"
                }
            ],
            "description": "💎 Nette Dependency Injection Container: Flexible, compiled and full-featured DIC with perfectly usable autowiring and support for all new PHP 7.1 features.",
            "homepage": "https://nette.org",
            "keywords": [
                "compiled",
                "di",
                "dic",
                "factory",
                "ioc",
                "nette",
                "static"
            ],
            "time": "2017-08-31T22:42:00+00:00"
        },
        {
            "name": "nette/finder",
            "version": "v2.4.1",
            "source": {
                "type": "git",
                "url": "https://github.com/nette/finder.git",
                "reference": "4d43a66d072c57d585bf08a3ef68d3587f7e9547"
            },
            "dist": {
                "type": "zip",
                "url": "https://api.github.com/repos/nette/finder/zipball/4d43a66d072c57d585bf08a3ef68d3587f7e9547",
                "reference": "4d43a66d072c57d585bf08a3ef68d3587f7e9547",
                "shasum": ""
            },
            "require": {
                "nette/utils": "^2.4 || ~3.0.0",
                "php": ">=5.6.0"
            },
            "conflict": {
                "nette/nette": "<2.2"
            },
            "require-dev": {
                "nette/tester": "^2.0",
                "tracy/tracy": "^2.3"
            },
            "type": "library",
            "extra": {
                "branch-alias": {
                    "dev-master": "2.4-dev"
                }
            },
            "autoload": {
                "classmap": [
                    "src/"
                ]
            },
            "notification-url": "https://packagist.org/downloads/",
            "license": [
                "BSD-3-Clause",
                "GPL-2.0",
                "GPL-3.0"
            ],
            "authors": [
                {
                    "name": "David Grudl",
                    "homepage": "https://davidgrudl.com"
                },
                {
                    "name": "Nette Community",
                    "homepage": "https://nette.org/contributors"
                }
            ],
            "description": "Nette Finder: Files Searching",
            "homepage": "https://nette.org",
            "time": "2017-07-10T23:47:08+00:00"
        },
        {
            "name": "nette/neon",
            "version": "v2.4.2",
            "source": {
                "type": "git",
                "url": "https://github.com/nette/neon.git",
                "reference": "9eacd50553b26b53a3977bfb2fea2166d4331622"
            },
            "dist": {
                "type": "zip",
                "url": "https://api.github.com/repos/nette/neon/zipball/9eacd50553b26b53a3977bfb2fea2166d4331622",
                "reference": "9eacd50553b26b53a3977bfb2fea2166d4331622",
                "shasum": ""
            },
            "require": {
                "ext-iconv": "*",
                "ext-json": "*",
                "php": ">=5.6.0"
            },
            "require-dev": {
                "nette/tester": "~2.0",
                "tracy/tracy": "^2.3"
            },
            "type": "library",
            "extra": {
                "branch-alias": {
                    "dev-master": "2.4-dev"
                }
            },
            "autoload": {
                "classmap": [
                    "src/"
                ]
            },
            "notification-url": "https://packagist.org/downloads/",
            "license": [
                "BSD-3-Clause",
                "GPL-2.0",
                "GPL-3.0"
            ],
            "authors": [
                {
                    "name": "David Grudl",
                    "homepage": "https://davidgrudl.com"
                },
                {
                    "name": "Nette Community",
                    "homepage": "https://nette.org/contributors"
                }
            ],
            "description": "Nette NEON: parser & generator for Nette Object Notation",
            "homepage": "http://ne-on.org",
            "time": "2017-07-11T18:29:08+00:00"
        },
        {
            "name": "nette/php-generator",
            "version": "v3.0.1",
            "source": {
                "type": "git",
                "url": "https://github.com/nette/php-generator.git",
                "reference": "eb2dbc9c3409e9db40568109ca4994d51373b60c"
            },
            "dist": {
                "type": "zip",
                "url": "https://api.github.com/repos/nette/php-generator/zipball/eb2dbc9c3409e9db40568109ca4994d51373b60c",
                "reference": "eb2dbc9c3409e9db40568109ca4994d51373b60c",
                "shasum": ""
            },
            "require": {
                "nette/utils": "^2.4.2 || ~3.0.0",
                "php": ">=7.0"
            },
            "conflict": {
                "nette/nette": "<2.2"
            },
            "require-dev": {
                "nette/tester": "^2.0",
                "tracy/tracy": "^2.3"
            },
            "type": "library",
            "extra": {
                "branch-alias": {
                    "dev-master": "3.0-dev"
                }
            },
            "autoload": {
                "classmap": [
                    "src/"
                ]
            },
            "notification-url": "https://packagist.org/downloads/",
            "license": [
                "BSD-3-Clause",
                "GPL-2.0",
                "GPL-3.0"
            ],
            "authors": [
                {
                    "name": "David Grudl",
                    "homepage": "https://davidgrudl.com"
                },
                {
                    "name": "Nette Community",
                    "homepage": "https://nette.org/contributors"
                }
            ],
            "description": "🐘 Nette PHP Generator: generates neat PHP code for you. Supports new PHP 7.1 features.",
            "homepage": "https://nette.org",
            "keywords": [
                "code",
                "nette",
                "php",
                "scaffolding"
            ],
            "time": "2017-07-11T19:07:13+00:00"
        },
        {
            "name": "nette/robot-loader",
            "version": "v3.0.2",
            "source": {
                "type": "git",
                "url": "https://github.com/nette/robot-loader.git",
                "reference": "b703b4f5955831b0bcaacbd2f6af76021b056826"
            },
            "dist": {
                "type": "zip",
                "url": "https://api.github.com/repos/nette/robot-loader/zipball/b703b4f5955831b0bcaacbd2f6af76021b056826",
                "reference": "b703b4f5955831b0bcaacbd2f6af76021b056826",
                "shasum": ""
            },
            "require": {
                "ext-tokenizer": "*",
                "nette/finder": "^2.3 || ^3.0",
                "nette/utils": "^2.4 || ^3.0",
                "php": ">=5.6.0"
            },
            "conflict": {
                "nette/nette": "<2.2"
            },
            "require-dev": {
                "nette/tester": "^2.0",
                "tracy/tracy": "^2.3"
            },
            "type": "library",
            "extra": {
                "branch-alias": {
                    "dev-master": "3.0-dev"
                }
            },
            "autoload": {
                "classmap": [
                    "src/"
                ]
            },
            "notification-url": "https://packagist.org/downloads/",
            "license": [
                "BSD-3-Clause",
                "GPL-2.0",
                "GPL-3.0"
            ],
            "authors": [
                {
                    "name": "David Grudl",
                    "homepage": "https://davidgrudl.com"
                },
                {
                    "name": "Nette Community",
                    "homepage": "https://nette.org/contributors"
                }
            ],
            "description": "🍀 Nette RobotLoader: high performance and comfortable autoloader that will search and autoload classes within your application.",
            "homepage": "https://nette.org",
            "keywords": [
                "autoload",
                "class",
                "interface",
                "nette",
                "trait"
            ],
            "time": "2017-07-18T00:09:56+00:00"
        },
        {
            "name": "nette/utils",
            "version": "v2.4.8",
            "source": {
                "type": "git",
                "url": "https://github.com/nette/utils.git",
                "reference": "f1584033b5af945b470533b466b81a789d532034"
            },
            "dist": {
                "type": "zip",
                "url": "https://api.github.com/repos/nette/utils/zipball/f1584033b5af945b470533b466b81a789d532034",
                "reference": "f1584033b5af945b470533b466b81a789d532034",
                "shasum": ""
            },
            "require": {
                "php": ">=5.6.0"
            },
            "conflict": {
                "nette/nette": "<2.2"
            },
            "require-dev": {
                "nette/tester": "~2.0",
                "tracy/tracy": "^2.3"
            },
            "suggest": {
                "ext-gd": "to use Image",
                "ext-iconv": "to use Strings::webalize() and toAscii()",
                "ext-intl": "for script transliteration in Strings::webalize() and toAscii()",
                "ext-json": "to use Nette\\Utils\\Json",
                "ext-mbstring": "to use Strings::lower() etc...",
                "ext-xml": "to use Strings::length() etc. when mbstring is not available"
            },
            "type": "library",
            "extra": {
                "branch-alias": {
                    "dev-master": "2.4-dev"
                }
            },
            "autoload": {
                "classmap": [
                    "src/"
                ]
            },
            "notification-url": "https://packagist.org/downloads/",
            "license": [
                "BSD-3-Clause",
                "GPL-2.0",
                "GPL-3.0"
            ],
            "authors": [
                {
                    "name": "David Grudl",
                    "homepage": "https://davidgrudl.com"
                },
                {
                    "name": "Nette Community",
                    "homepage": "https://nette.org/contributors"
                }
            ],
            "description": "🛠 Nette Utils: lightweight utilities for string & array manipulation, image handling, safe JSON encoding/decoding, validation, slug or strong password generating etc.",
            "homepage": "https://nette.org",
            "keywords": [
                "array",
                "core",
                "datetime",
                "images",
                "json",
                "nette",
                "paginator",
                "password",
                "slugify",
                "string",
                "unicode",
                "utf-8",
                "utility",
                "validation"
            ],
            "time": "2017-08-20T17:32:29+00:00"
        },
        {
            "name": "nikic/php-parser",
            "version": "v3.1.1",
            "source": {
                "type": "git",
                "url": "https://github.com/nikic/PHP-Parser.git",
                "reference": "a1e8e1a30e1352f118feff1a8481066ddc2f234a"
            },
            "dist": {
                "type": "zip",
                "url": "https://api.github.com/repos/nikic/PHP-Parser/zipball/a1e8e1a30e1352f118feff1a8481066ddc2f234a",
                "reference": "a1e8e1a30e1352f118feff1a8481066ddc2f234a",
                "shasum": ""
            },
            "require": {
                "ext-tokenizer": "*",
                "php": ">=5.5"
            },
            "require-dev": {
                "phpunit/phpunit": "~4.0|~5.0"
            },
            "bin": [
                "bin/php-parse"
            ],
            "type": "library",
            "extra": {
                "branch-alias": {
                    "dev-master": "3.0-dev"
                }
            },
            "autoload": {
                "psr-4": {
                    "PhpParser\\": "lib/PhpParser"
                }
            },
            "notification-url": "https://packagist.org/downloads/",
            "license": [
                "BSD-3-Clause"
            ],
            "authors": [
                {
                    "name": "Nikita Popov"
                }
            ],
            "description": "A PHP parser written in PHP",
            "keywords": [
                "parser",
                "php"
            ],
            "time": "2017-09-02T17:10:46+00:00"
        },
        {
            "name": "ocramius/package-versions",
            "version": "1.1.3",
            "source": {
                "type": "git",
                "url": "https://github.com/Ocramius/PackageVersions.git",
                "reference": "72b226d2957e9e6a9ed09aeaa29cabd840d1a3b7"
            },
            "dist": {
                "type": "zip",
                "url": "https://api.github.com/repos/Ocramius/PackageVersions/zipball/72b226d2957e9e6a9ed09aeaa29cabd840d1a3b7",
                "reference": "72b226d2957e9e6a9ed09aeaa29cabd840d1a3b7",
                "shasum": ""
            },
            "require": {
                "composer-plugin-api": "^1.0",
                "php": "~7.0"
            },
            "require-dev": {
                "composer/composer": "^1.3",
                "ext-zip": "*",
                "humbug/humbug": "dev-master",
                "phpunit/phpunit": "^5.7.5"
            },
            "type": "composer-plugin",
            "extra": {
                "class": "PackageVersions\\Installer",
                "branch-alias": {
                    "dev-master": "2.0.x-dev"
                }
            },
            "autoload": {
                "psr-4": {
                    "PackageVersions\\": "src/PackageVersions"
                }
            },
            "notification-url": "https://packagist.org/downloads/",
            "license": [
                "MIT"
            ],
            "authors": [
                {
                    "name": "Marco Pivetta",
                    "email": "ocramius@gmail.com"
                }
            ],
            "description": "Composer plugin that provides efficient querying for installed package versions (no runtime IO)",
            "time": "2017-09-06T15:24:43+00:00"
        },
        {
            "name": "phpstan/phpstan",
            "version": "0.8.5",
            "source": {
                "type": "git",
                "url": "https://github.com/phpstan/phpstan.git",
                "reference": "0dfb4f00959c53378cf15e32a79a254acada35d7"
            },
            "dist": {
                "type": "zip",
                "url": "https://api.github.com/repos/phpstan/phpstan/zipball/0dfb4f00959c53378cf15e32a79a254acada35d7",
                "reference": "0dfb4f00959c53378cf15e32a79a254acada35d7",
                "shasum": ""
            },
            "require": {
                "jean85/pretty-package-versions": "^1.0.2",
                "nette/bootstrap": "^2.4 || ^3.0",
                "nette/di": "^2.4 || ^3.0",
                "nette/robot-loader": "^3.0.1",
                "nette/utils": "^2.4 || ^3.0",
                "nikic/php-parser": "^3.0.2",
                "php": "~7.0",
                "symfony/console": "~2.7 || ~3.0",
                "symfony/finder": "~2.7 || ~3.0"
            },
            "require-dev": {
                "consistence/coding-standard": "^2.0.0",
                "jakub-onderka/php-parallel-lint": "^0.9.2",
                "phing/phing": "^2.16.0",
                "phpunit/phpunit": "^6.3",
                "satooshi/php-coveralls": "^1.0",
                "slevomat/coding-standard": "^3.1.1"
            },
            "bin": [
                "bin/phpstan"
            ],
            "type": "library",
            "extra": {
                "branch-alias": {
                    "dev-master": "0.8-dev"
                }
            },
            "autoload": {
                "psr-4": {
                    "PHPStan\\": "src/"
                }
            },
            "notification-url": "https://packagist.org/downloads/",
            "license": [
                "MIT"
            ],
            "description": "PHPStan - PHP Static Analysis Tool",
            "time": "2017-09-06T17:15:07+00:00"
        },
        {
            "name": "psr/log",
            "version": "1.0.2",
            "source": {
                "type": "git",
                "url": "https://github.com/php-fig/log.git",
                "reference": "4ebe3a8bf773a19edfe0a84b6585ba3d401b724d"
            },
            "dist": {
                "type": "zip",
                "url": "https://api.github.com/repos/php-fig/log/zipball/4ebe3a8bf773a19edfe0a84b6585ba3d401b724d",
                "reference": "4ebe3a8bf773a19edfe0a84b6585ba3d401b724d",
                "shasum": ""
            },
            "require": {
                "php": ">=5.3.0"
            },
            "type": "library",
            "extra": {
                "branch-alias": {
                    "dev-master": "1.0.x-dev"
                }
            },
            "autoload": {
                "psr-4": {
                    "Psr\\Log\\": "Psr/Log/"
                }
            },
            "notification-url": "https://packagist.org/downloads/",
            "license": [
                "MIT"
            ],
            "authors": [
                {
                    "name": "PHP-FIG",
                    "homepage": "http://www.php-fig.org/"
                }
            ],
            "description": "Common interface for logging libraries",
            "homepage": "https://github.com/php-fig/log",
            "keywords": [
                "log",
                "psr",
                "psr-3"
            ],
            "time": "2016-10-10T12:19:37+00:00"
        },
        {
            "name": "symfony/console",
            "version": "v3.3.10",
            "source": {
                "type": "git",
                "url": "https://github.com/symfony/console.git",
                "reference": "116bc56e45a8e5572e51eb43ab58c769a352366c"
            },
            "dist": {
                "type": "zip",
                "url": "https://api.github.com/repos/symfony/console/zipball/116bc56e45a8e5572e51eb43ab58c769a352366c",
                "reference": "116bc56e45a8e5572e51eb43ab58c769a352366c",
                "shasum": ""
            },
            "require": {
                "php": "^5.5.9|>=7.0.8",
                "symfony/debug": "~2.8|~3.0",
                "symfony/polyfill-mbstring": "~1.0"
            },
            "conflict": {
                "symfony/dependency-injection": "<3.3"
            },
            "require-dev": {
                "psr/log": "~1.0",
                "symfony/config": "~3.3",
                "symfony/dependency-injection": "~3.3",
                "symfony/event-dispatcher": "~2.8|~3.0",
                "symfony/filesystem": "~2.8|~3.0",
                "symfony/process": "~2.8|~3.0"
            },
            "suggest": {
                "psr/log": "For using the console logger",
                "symfony/event-dispatcher": "",
                "symfony/filesystem": "",
                "symfony/process": ""
            },
            "type": "library",
            "extra": {
                "branch-alias": {
                    "dev-master": "3.3-dev"
                }
            },
            "autoload": {
                "psr-4": {
                    "Symfony\\Component\\Console\\": ""
                },
                "exclude-from-classmap": [
                    "/Tests/"
                ]
            },
            "notification-url": "https://packagist.org/downloads/",
            "license": [
                "MIT"
            ],
            "authors": [
                {
                    "name": "Fabien Potencier",
                    "email": "fabien@symfony.com"
                },
                {
                    "name": "Symfony Community",
                    "homepage": "https://symfony.com/contributors"
                }
            ],
            "description": "Symfony Console Component",
            "homepage": "https://symfony.com",
            "time": "2017-10-02T06:42:24+00:00"
        },
        {
            "name": "symfony/debug",
            "version": "v3.3.10",
            "source": {
                "type": "git",
                "url": "https://github.com/symfony/debug.git",
                "reference": "eb95d9ce8f18dcc1b3dfff00cb624c402be78ffd"
            },
            "dist": {
                "type": "zip",
                "url": "https://api.github.com/repos/symfony/debug/zipball/eb95d9ce8f18dcc1b3dfff00cb624c402be78ffd",
                "reference": "eb95d9ce8f18dcc1b3dfff00cb624c402be78ffd",
                "shasum": ""
            },
            "require": {
                "php": "^5.5.9|>=7.0.8",
                "psr/log": "~1.0"
            },
            "conflict": {
                "symfony/http-kernel": ">=2.3,<2.3.24|~2.4.0|>=2.5,<2.5.9|>=2.6,<2.6.2"
            },
            "require-dev": {
                "symfony/http-kernel": "~2.8|~3.0"
            },
            "type": "library",
            "extra": {
                "branch-alias": {
                    "dev-master": "3.3-dev"
                }
            },
            "autoload": {
                "psr-4": {
                    "Symfony\\Component\\Debug\\": ""
                },
                "exclude-from-classmap": [
                    "/Tests/"
                ]
            },
            "notification-url": "https://packagist.org/downloads/",
            "license": [
                "MIT"
            ],
            "authors": [
                {
                    "name": "Fabien Potencier",
                    "email": "fabien@symfony.com"
                },
                {
                    "name": "Symfony Community",
                    "homepage": "https://symfony.com/contributors"
                }
            ],
            "description": "Symfony Debug Component",
            "homepage": "https://symfony.com",
            "time": "2017-10-02T06:42:24+00:00"
        },
        {
            "name": "symfony/finder",
            "version": "v3.3.10",
            "source": {
                "type": "git",
                "url": "https://github.com/symfony/finder.git",
                "reference": "773e19a491d97926f236942484cb541560ce862d"
            },
            "dist": {
                "type": "zip",
                "url": "https://api.github.com/repos/symfony/finder/zipball/773e19a491d97926f236942484cb541560ce862d",
                "reference": "773e19a491d97926f236942484cb541560ce862d",
                "shasum": ""
            },
            "require": {
                "php": "^5.5.9|>=7.0.8"
            },
            "type": "library",
            "extra": {
                "branch-alias": {
                    "dev-master": "3.3-dev"
                }
            },
            "autoload": {
                "psr-4": {
                    "Symfony\\Component\\Finder\\": ""
                },
                "exclude-from-classmap": [
                    "/Tests/"
                ]
            },
            "notification-url": "https://packagist.org/downloads/",
            "license": [
                "MIT"
            ],
            "authors": [
                {
                    "name": "Fabien Potencier",
                    "email": "fabien@symfony.com"
                },
                {
                    "name": "Symfony Community",
                    "homepage": "https://symfony.com/contributors"
                }
            ],
            "description": "Symfony Finder Component",
            "homepage": "https://symfony.com",
            "time": "2017-10-02T06:42:24+00:00"
        },
        {
            "name": "symfony/polyfill-mbstring",
            "version": "v1.6.0",
            "source": {
                "type": "git",
                "url": "https://github.com/symfony/polyfill-mbstring.git",
                "reference": "2ec8b39c38cb16674bbf3fea2b6ce5bf117e1296"
            },
            "dist": {
                "type": "zip",
                "url": "https://api.github.com/repos/symfony/polyfill-mbstring/zipball/2ec8b39c38cb16674bbf3fea2b6ce5bf117e1296",
                "reference": "2ec8b39c38cb16674bbf3fea2b6ce5bf117e1296",
                "shasum": ""
            },
            "require": {
                "php": ">=5.3.3"
            },
            "suggest": {
                "ext-mbstring": "For best performance"
            },
            "type": "library",
            "extra": {
                "branch-alias": {
                    "dev-master": "1.6-dev"
                }
            },
            "autoload": {
                "psr-4": {
                    "Symfony\\Polyfill\\Mbstring\\": ""
                },
                "files": [
                    "bootstrap.php"
                ]
            },
            "notification-url": "https://packagist.org/downloads/",
            "license": [
                "MIT"
            ],
            "authors": [
                {
                    "name": "Nicolas Grekas",
                    "email": "p@tchwork.com"
                },
                {
                    "name": "Symfony Community",
                    "homepage": "https://symfony.com/contributors"
                }
            ],
            "description": "Symfony polyfill for the Mbstring extension",
            "homepage": "https://symfony.com",
            "keywords": [
                "compatibility",
                "mbstring",
                "polyfill",
                "portable",
                "shim"
            ],
            "time": "2017-10-11T12:05:26+00:00"
        }
    ],
    "aliases": [],
    "minimum-stability": "stable",
    "stability-flags": [],
    "prefer-stable": false,
    "prefer-lowest": false,
    "platform": [],
    "platform-dev": []
}
